{
  "version": 1,
  "dependencies": {
    "net10.0": {
      "Argu": {
        "type": "Direct",
        "requested": "[6.2.4, )",
        "resolved": "6.2.4",
        "contentHash": "RuANu8+L1P2HWozmbRXkj6MQGYwP5DL2wdARfBPtRjsLS8TSgwYjOKxMnY5LtjmHLlMBD3u2+MfbAy8xMGg8Qg==",
        "dependencies": {
          "FSharp.Core": "6.0.7",
          "System.Configuration.ConfigurationManager": "4.4.0"
        }
      },
      "FSharp.Core": {
        "type": "Direct",
        "requested": "[10.0.102, )",
        "resolved": "10.0.102",
        "contentHash": "v91pt3B1ohyxAS0JaxbfsysORgddi2Um+d1M8nfdxzuh5VmGosW2pw6O8ykKatbcL2GjIDSw1aVnAOQ/y3UPew=="
      },
      "SimpleExec": {
        "type": "Direct",
        "requested": "[12.0.0, )",
        "resolved": "12.0.0",
        "contentHash": "ptxlWtxC8vM6Y6e3h9ZTxBBkOWnWrm/Sa1HT+2i1xcXY3Hx2hmKDZP5RShPf8Xr9D+ivlrXNy57ktzyH8kyt+Q=="
      },
      "Spectre.Console": {
        "type": "Direct",
        "requested": "[0.49.1, )",
        "resolved": "0.49.1",
        "contentHash": "USV+pdu49OJ3nCjxNuw1K9Zw/c1HCBbwbjXZp0EOn6wM99tFdAtN34KEBZUMyRuJuXlUMDqhd8Yq9obW2MslYA=="
      },
      "Microsoft.Extensions.DependencyInjection.Abstractions": {
        "type": "Transitive",
        "resolved": "8.0.2",
        "contentHash": "3iE7UF7MQkCv1cxzCahz+Y/guQbTqieyxyaWKhrRO91itI9cOKO76OHeQDahqG4MmW5umr3CcCvGmK92lWNlbg=="
      },
      "Microsoft.Extensions.Logging.Abstractions": {
        "type": "Transitive",
        "resolved": "8.0.2",
        "contentHash": "nroMDjS7hNBPtkZqVBbSiQaQjWRDxITI8Y7XnDs97rqG3EbzVTNLZQf7bIeUJcaHOV8bca47s1Uxq94+2oGdxA==",
        "dependencies": {
          "Microsoft.Extensions.DependencyInjection.Abstractions": "8.0.2"
        }
      },
      "Microsoft.IdentityModel.Abstractions": {
        "type": "Transitive",
        "resolved": "8.9.0",
        "contentHash": "b/87S+lb86U7Ns7xgTKnqql6XGNr8hBE+k0rj5sRWwXeJe6uA+3mSjvpZ9GoQo3cB9zlwzcbGBU8KM44qX0t1g=="
      },
      "Microsoft.IdentityModel.JsonWebTokens": {
        "type": "Transitive",
        "resolved": "8.9.0",
        "contentHash": "QcNC57hJLc6LIcy2PTYlD8iRBQBm6bqPKbCjsRYWlp7QTyJisF0ImUWaa3mx6wWaS1upwYneYVPiIiNSlAy16g==",
        "dependencies": {
          "Microsoft.IdentityModel.Tokens": "8.9.0"
        }
      },
      "Microsoft.IdentityModel.Logging": {
        "type": "Transitive",
        "resolved": "8.9.0",
        "contentHash": "rswvH4ZANbFsJYEn+PGEOj7nkkBRjnsb7LcYGAS16VUJpSeKULLeYSy/7SK6jLO1WTT12xqdeL4mj3dYT7GdoQ==",
        "dependencies": {
          "Microsoft.IdentityModel.Abstractions": "8.9.0"
        }
      },
      "Microsoft.IdentityModel.Tokens": {
        "type": "Transitive",
        "resolved": "8.9.0",
        "contentHash": "qK6kW5qZvDj7E5RLWQ9gzJxQe5GUz7+7bXrLQQydSDF9hTf5Ip2qHuAQW3Fg9GND6jkjTr7IXAZFmBHadNQi4Q==",
        "dependencies": {
          "Microsoft.Extensions.Logging.Abstractions": "8.0.2",
          "Microsoft.IdentityModel.Logging": "8.9.0"
        }
      },
      "System.Configuration.ConfigurationManager": {
        "type": "Transitive",
        "resolved": "4.4.0",
        "contentHash": "gWwQv/Ug1qWJmHCmN17nAbxJYmQBM/E94QxKLksvUiiKB1Ld3Sc/eK1lgmbSjDFxkQhVuayI/cGFZhpBSodLrg==",
        "dependencies": {
          "System.Security.Cryptography.ProtectedData": "4.4.0"
        }
      },
      "System.IdentityModel.Tokens.Jwt": {
        "type": "Transitive",
        "resolved": "8.9.0",
        "contentHash": "7Pu9UjF1+so0s8zgzcIxSxbRQoiM2DMdwazVGmNptX3O6gDfMyeWZBd/Zn6VueDteN0ZTHw2acsf6+mAe8UpMw==",
        "dependencies": {
          "Microsoft.IdentityModel.JsonWebTokens": "8.9.0",
          "Microsoft.IdentityModel.Tokens": "8.9.0"
        }
      },
      "System.Security.Cryptography.ProtectedData": {
        "type": "Transitive",
        "resolved": "4.4.0",
        "contentHash": "cJV7ScGW7EhatRsjehfvvYVBvtiSMKgN8bOVI0bQhnF5bU7vnHVIsH49Kva7i7GWaWYvmEzkYVk1TC+gZYBEog=="
      },
      "YamlDotNet": {
        "type": "Transitive",
        "resolved": "16.3.0",
        "contentHash": "SgMOdxbz8X65z8hraIs6hOEdnkH6hESTAIUa7viEngHOYaH+6q5XJmwr1+yb9vJpNQ19hCQY69xbFsLtXpobQA=="
      },
      "orca.auth": {
        "type": "Project",
        "dependencies": {
          "FSharp.Core": "[10.0.102, )",
          "Microsoft.IdentityModel.Tokens": "[8.9.0, )",
          "Orca.Core": "[1.0.0, )",
          "System.IdentityModel.Tokens.Jwt": "[8.9.0, )"
        }
      },
      "orca.core": {
        "type": "Project",
        "dependencies": {
          "FSharp.Core": "[10.0.102, )",
          "YamlDotNet": "[16.3.0, )"
        }
      },
      "orca.github": {
        "type": "Project",
        "dependencies": {
          "FSharp.Core": "[10.0.102, )",
          "Orca.Core": "[1.0.0, )",
          "SimpleExec": "[12.0.0, )"
        }
      }
    }
  }
}